
Microsoft Visual Studio Solution File, Format Version 12.00
# Visual Studio Version 17
VisualStudioVersion = 17.8.34309.116
MinimumVisualStudioVersion = 10.0.40219.1
Project("{9A19103F-16F7-4668-BE54-9A1E7A4F7556}") = "DeliveryApp.API", "DeliveryAppAPI\DeliveryApp.API.csproj", "{614D0299-400C-4CCE-A739-6190F1F59DCC}"
	ProjectSection(ProjectDependencies) = postProject
		{5E6644D9-682C-45F9-8BFE-810EDE741702} = {5E6644D9-682C-45F9-8BFE-810EDE741702}
	EndProjectSection
EndProject
Project("{9A19103F-16F7-4668-BE54-9A1E7A4F7556}") = "DeliveryApp.Domain", "DeliveryAppAPI.Domain\DeliveryApp.Domain.csproj", "{46493383-73EC-40BE-BAFB-34C32141F114}"
EndProject
Project("{9A19103F-16F7-4668-BE54-9A1E7A4F7556}") = "DeliveryApp.Persistance", "DeliveryAppAPI.Persistance\DeliveryApp.Persistance.csproj", "{CD81F9CC-B1F6-4C34-964F-82C3172AD81D}"
EndProject
Project("{9A19103F-16F7-4668-BE54-9A1E7A4F7556}") = "DeliveryApp.Application", "DeliveryApp.Application\DeliveryApp.Application.csproj", "{A59450B7-B2BF-435F-95AA-605941894D84}"
EndProject
Project("{9A19103F-16F7-4668-BE54-9A1E7A4F7556}") = "DeliveryApp.Infrastructure", "DeliveryApp.Infrastructure\DeliveryApp.Infrastructure.csproj", "{5E6644D9-682C-45F9-8BFE-810EDE741702}"
	ProjectSection(ProjectDependencies) = postProject
		{A59450B7-B2BF-435F-95AA-605941894D84} = {A59450B7-B2BF-435F-95AA-605941894D84}
	EndProjectSection
EndProject
Global
	GlobalSection(SolutionConfigurationPlatforms) = preSolution
		Debug|Any CPU = Debug|Any CPU
		Release|Any CPU = Release|Any CPU
	EndGlobalSection
	GlobalSection(ProjectConfigurationPlatforms) = postSolution
		{614D0299-400C-4CCE-A739-6190F1F59DCC}.Debug|Any CPU.ActiveCfg = Debug|Any CPU
		{614D0299-400C-4CCE-A739-6190F1F59DCC}.Debug|Any CPU.Build.0 = Debug|Any CPU
		{614D0299-400C-4CCE-A739-6190F1F59DCC}.Release|Any CPU.ActiveCfg = Release|Any CPU
		{614D0299-400C-4CCE-A739-6190F1F59DCC}.Release|Any CPU.Build.0 = Release|Any CPU
		{46493383-73EC-40BE-BAFB-34C32141F114}.Debug|Any CPU.ActiveCfg = Debug|Any CPU
		{46493383-73EC-40BE-BAFB-34C32141F114}.Debug|Any CPU.Build.0 = Debug|Any CPU
		{46493383-73EC-40BE-BAFB-34C32141F114}.Release|Any CPU.ActiveCfg = Release|Any CPU
		{46493383-73EC-40BE-BAFB-34C32141F114}.Release|Any CPU.Build.0 = Release|Any CPU
		{CD81F9CC-B1F6-4C34-964F-82C3172AD81D}.Debug|Any CPU.ActiveCfg = Debug|Any CPU
		{CD81F9CC-B1F6-4C34-964F-82C3172AD81D}.Debug|Any CPU.Build.0 = Debug|Any CPU
		{CD81F9CC-B1F6-4C34-964F-82C3172AD81D}.Release|Any CPU.ActiveCfg = Release|Any CPU
		{CD81F9CC-B1F6-4C34-964F-82C3172AD81D}.Release|Any CPU.Build.0 = Release|Any CPU
		{A59450B7-B2BF-435F-95AA-605941894D84}.Debug|Any CPU.ActiveCfg = Debug|Any CPU
		{A59450B7-B2BF-435F-95AA-605941894D84}.Debug|Any CPU.Build.0 = Debug|Any CPU
		{A59450B7-B2BF-435F-95AA-605941894D84}.Release|Any CPU.ActiveCfg = Release|Any CPU
		{A59450B7-B2BF-435F-95AA-605941894D84}.Release|Any CPU.Build.0 = Release|Any CPU
		{5E6644D9-682C-45F9-8BFE-810EDE741702}.Debug|Any CPU.ActiveCfg = Debug|Any CPU
		{5E6644D9-682C-45F9-8BFE-810EDE741702}.Debug|Any CPU.Build.0 = Debug|Any CPU
		{5E6644D9-682C-45F9-8BFE-810EDE741702}.Release|Any CPU.ActiveCfg = Release|Any CPU
		{5E6644D9-682C-45F9-8BFE-810EDE741702}.Release|Any CPU.Build.0 = Release|Any CPU
	EndGlobalSection
	GlobalSection(SolutionProperties) = preSolution
		HideSolutionNode = FALSE
	EndGlobalSection
	GlobalSection(ExtensibilityGlobals) = postSolution
		SolutionGuid = {F79F306D-CD54-4261-8152-2CC0B29C49AF}
	EndGlobalSection
EndGlobal
